
Microsoft Visual Studio Solution File, Format Version 12.00
# Visual Studio Version 16
VisualStudioVersion = 16.0.30114.105
MinimumVisualStudioVersion = 10.0.40219.1
Project("{9A19103F-16F7-4668-BE54-9A1E7A4F7556}") = "R5T.B0007", "R5T.B0007\R5T.B0007.csproj", "{3C84C1B9-122D-48D3-B2A3-19EB0F4B67C7}"
EndProject
Project("{2150E333-8FDC-42A3-9474-1A3956D46DE8}") = "_Dependencies", "_Dependencies", "{BF3D775D-7B84-47AF-9D96-83030973B025}"
EndProject
Project("{9A19103F-16F7-4668-BE54-9A1E7A4F7556}") = "R5T.T0039.T002", "..\..\R5T.T0039\source\R5T.T0039.T002\R5T.T0039.T002.csproj", "{6E8B0817-18F4-4D5E-9F10-D08CF4941DCA}"
EndProject
Project("{9A19103F-16F7-4668-BE54-9A1E7A4F7556}") = "R5T.B0007.X000", "R5T.B0007.X000\R5T.B0007.X000.csproj", "{8862D1CF-7F0C-45B0-8FD5-EFE4B50C2E52}"
EndProject
Project("{9A19103F-16F7-4668-BE54-9A1E7A4F7556}") = "R5T.B0007.X001", "R5T.B0007.X001\R5T.B0007.X001.csproj", "{185B2BFD-DC95-4CD4-B159-9056F6245F58}"
EndProject
Project("{9A19103F-16F7-4668-BE54-9A1E7A4F7556}") = "R5T.B0007.X002", "R5T.B0007.X002\R5T.B0007.X002.csproj", "{7CB395F4-E326-492E-A525-EE39DA091AF4}"
EndProject
Project("{9A19103F-16F7-4668-BE54-9A1E7A4F7556}") = "R5T.B0007.X003", "R5T.B0007.X003\R5T.B0007.X003.csproj", "{909F3CBF-EF08-421F-A7F6-738CBA67B6CE}"
EndProject
Project("{9A19103F-16F7-4668-BE54-9A1E7A4F7556}") = "R5T.L0011.F002", "..\..\R5T.L0011\source\R5T.L0011.F002\R5T.L0011.F002.csproj", "{814EEBD3-1595-44F3-A8B0-F2804FEFB977}"
EndProject
Project("{9A19103F-16F7-4668-BE54-9A1E7A4F7556}") = "R5T.T0130", "..\..\R5T.T0130\source\R5T.T0130\R5T.T0130.csproj", "{03D1A18F-CD32-47C9-BBB6-345D2D860493}"
EndProject
Project("{9A19103F-16F7-4668-BE54-9A1E7A4F7556}") = "R5T.Y0003", "..\..\R5T.Y0003\source\R5T.Y0003\R5T.Y0003.csproj", "{AEFF70E3-8005-48C6-B29E-F58CF9DB3E05}"
EndProject
Project("{9A19103F-16F7-4668-BE54-9A1E7A4F7556}") = "R5T.L0011.X000", "..\..\R5T.L0011\source\R5T.L0011.X000\R5T.L0011.X000.csproj", "{8B2E8322-10AB-43D5-B417-F374E43D29C8}"
EndProject
Project("{9A19103F-16F7-4668-BE54-9A1E7A4F7556}") = "R5T.Magyar", "..\..\R5T.Magyar\source\R5T.Magyar\R5T.Magyar.csproj", "{7BFCC888-4F72-4B41-A2F0-0BA5F97A3625}"
EndProject
Project("{9A19103F-16F7-4668-BE54-9A1E7A4F7556}") = "R5T.L0011", "..\..\R5T.L0011\source\R5T.L0011\R5T.L0011.csproj", "{D2F04C12-A18B-4329-9CF4-A756919B8E1E}"
EndProject
Global
	GlobalSection(SolutionConfigurationPlatforms) = preSolution
		Debug|Any CPU = Debug|Any CPU
		Debug|x64 = Debug|x64
		Debug|x86 = Debug|x86
		Release|Any CPU = Release|Any CPU
		Release|x64 = Release|x64
		Release|x86 = Release|x86
	EndGlobalSection
	GlobalSection(ProjectConfigurationPlatforms) = postSolution
		{3C84C1B9-122D-48D3-B2A3-19EB0F4B67C7}.Debug|Any CPU.ActiveCfg = Debug|Any CPU
		{3C84C1B9-122D-48D3-B2A3-19EB0F4B67C7}.Debug|Any CPU.Build.0 = Debug|Any CPU
		{3C84C1B9-122D-48D3-B2A3-19EB0F4B67C7}.Debug|x64.ActiveCfg = Debug|Any CPU
		{3C84C1B9-122D-48D3-B2A3-19EB0F4B67C7}.Debug|x64.Build.0 = Debug|Any CPU
		{3C84C1B9-122D-48D3-B2A3-19EB0F4B67C7}.Debug|x86.ActiveCfg = Debug|Any CPU
		{3C84C1B9-122D-48D3-B2A3-19EB0F4B67C7}.Debug|x86.Build.0 = Debug|Any CPU
		{3C84C1B9-122D-48D3-B2A3-19EB0F4B67C7}.Release|Any CPU.ActiveCfg = Release|Any CPU
		{3C84C1B9-122D-48D3-B2A3-19EB0F4B67C7}.Release|Any CPU.Build.0 = Release|Any CPU
		{3C84C1B9-122D-48D3-B2A3-19EB0F4B67C7}.Release|x64.ActiveCfg = Release|Any CPU
		{3C84C1B9-122D-48D3-B2A3-19EB0F4B67C7}.Release|x64.Build.0 = Release|Any CPU
		{3C84C1B9-122D-48D3-B2A3-19EB0F4B67C7}.Release|x86.ActiveCfg = Release|Any CPU
		{3C84C1B9-122D-48D3-B2A3-19EB0F4B67C7}.Release|x86.Build.0 = Release|Any CPU
		{6E8B0817-18F4-4D5E-9F10-D08CF4941DCA}.Debug|Any CPU.ActiveCfg = Debug|Any CPU
		{6E8B0817-18F4-4D5E-9F10-D08CF4941DCA}.Debug|Any CPU.Build.0 = Debug|Any CPU
		{6E8B0817-18F4-4D5E-9F10-D08CF4941DCA}.Debug|x64.ActiveCfg = Debug|Any CPU
		{6E8B0817-18F4-4D5E-9F10-D08CF4941DCA}.Debug|x64.Build.0 = Debug|Any CPU
		{6E8B0817-18F4-4D5E-9F10-D08CF4941DCA}.Debug|x86.ActiveCfg = Debug|Any CPU
		{6E8B0817-18F4-4D5E-9F10-D08CF4941DCA}.Debug|x86.Build.0 = Debug|Any CPU
		{6E8B0817-18F4-4D5E-9F10-D08CF4941DCA}.Release|Any CPU.ActiveCfg = Release|Any CPU
		{6E8B0817-18F4-4D5E-9F10-D08CF4941DCA}.Release|Any CPU.Build.0 = Release|Any CPU
		{6E8B0817-18F4-4D5E-9F10-D08CF4941DCA}.Release|x64.ActiveCfg = Release|Any CPU
		{6E8B0817-18F4-4D5E-9F10-D08CF4941DCA}.Release|x64.Build.0 = Release|Any CPU
		{6E8B0817-18F4-4D5E-9F10-D08CF4941DCA}.Release|x86.ActiveCfg = Release|Any CPU
		{6E8B0817-18F4-4D5E-9F10-D08CF4941DCA}.Release|x86.Build.0 = Release|Any CPU
		{8862D1CF-7F0C-45B0-8FD5-EFE4B50C2E52}.Debug|Any CPU.ActiveCfg = Debug|Any CPU
		{8862D1CF-7F0C-45B0-8FD5-EFE4B50C2E52}.Debug|Any CPU.Build.0 = Debug|Any CPU
		{8862D1CF-7F0C-45B0-8FD5-EFE4B50C2E52}.Debug|x64.ActiveCfg = Debug|Any CPU
		{8862D1CF-7F0C-45B0-8FD5-EFE4B50C2E52}.Debug|x64.Build.0 = Debug|Any CPU
		{8862D1CF-7F0C-45B0-8FD5-EFE4B50C2E52}.Debug|x86.ActiveCfg = Debug|Any CPU
		{8862D1CF-7F0C-45B0-8FD5-EFE4B50C2E52}.Debug|x86.Build.0 = Debug|Any CPU
		{8862D1CF-7F0C-45B0-8FD5-EFE4B50C2E52}.Release|Any CPU.ActiveCfg = Release|Any CPU
		{8862D1CF-7F0C-45B0-8FD5-EFE4B50C2E52}.Release|Any CPU.Build.0 = Release|Any CPU
		{8862D1CF-7F0C-45B0-8FD5-EFE4B50C2E52}.Release|x64.ActiveCfg = Release|Any CPU
		{8862D1CF-7F0C-45B0-8FD5-EFE4B50C2E52}.Release|x64.Build.0 = Release|Any CPU
		{8862D1CF-7F0C-45B0-8FD5-EFE4B50C2E52}.Release|x86.ActiveCfg = Release|Any CPU
		{8862D1CF-7F0C-45B0-8FD5-EFE4B50C2E52}.Release|x86.Build.0 = Release|Any CPU
		{185B2BFD-DC95-4CD4-B159-9056F6245F58}.Debug|Any CPU.ActiveCfg = Debug|Any CPU
		{185B2BFD-DC95-4CD4-B159-9056F6245F58}.Debug|Any CPU.Build.0 = Debug|Any CPU
		{185B2BFD-DC95-4CD4-B159-9056F6245F58}.Debug|x64.ActiveCfg = Debug|Any CPU
		{185B2BFD-DC95-4CD4-B159-9056F6245F58}.Debug|x64.Build.0 = Debug|Any CPU
		{185B2BFD-DC95-4CD4-B159-9056F6245F58}.Debug|x86.ActiveCfg = Debug|Any CPU
		{185B2BFD-DC95-4CD4-B159-9056F6245F58}.Debug|x86.Build.0 = Debug|Any CPU
		{185B2BFD-DC95-4CD4-B159-9056F6245F58}.Release|Any CPU.ActiveCfg = Release|Any CPU
		{185B2BFD-DC95-4CD4-B159-9056F6245F58}.Release|Any CPU.Build.0 = Release|Any CPU
		{185B2BFD-DC95-4CD4-B159-9056F6245F58}.Release|x64.ActiveCfg = Release|Any CPU
		{185B2BFD-DC95-4CD4-B159-9056F6245F58}.Release|x64.Build.0 = Release|Any CPU
		{185B2BFD-DC95-4CD4-B159-9056F6245F58}.Release|x86.ActiveCfg = Release|Any CPU
		{185B2BFD-DC95-4CD4-B159-9056F6245F58}.Release|x86.Build.0 = Release|Any CPU
		{7CB395F4-E326-492E-A525-EE39DA091AF4}.Debug|Any CPU.ActiveCfg = Debug|Any CPU
		{7CB395F4-E326-492E-A525-EE39DA091AF4}.Debug|Any CPU.Build.0 = Debug|Any CPU
		{7CB395F4-E326-492E-A525-EE39DA091AF4}.Debug|x64.ActiveCfg = Debug|Any CPU
		{7CB395F4-E326-492E-A525-EE39DA091AF4}.Debug|x64.Build.0 = Debug|Any CPU
		{7CB395F4-E326-492E-A525-EE39DA091AF4}.Debug|x86.ActiveCfg = Debug|Any CPU
		{7CB395F4-E326-492E-A525-EE39DA091AF4}.Debug|x86.Build.0 = Debug|Any CPU
		{7CB395F4-E326-492E-A525-EE39DA091AF4}.Release|Any CPU.ActiveCfg = Release|Any CPU
		{7CB395F4-E326-492E-A525-EE39DA091AF4}.Release|Any CPU.Build.0 = Release|Any CPU
		{7CB395F4-E326-492E-A525-EE39DA091AF4}.Release|x64.ActiveCfg = Release|Any CPU
		{7CB395F4-E326-492E-A525-EE39DA091AF4}.Release|x64.Build.0 = Release|Any CPU
		{7CB395F4-E326-492E-A525-EE39DA091AF4}.Release|x86.ActiveCfg = Release|Any CPU
		{7CB395F4-E326-492E-A525-EE39DA091AF4}.Release|x86.Build.0 = Release|Any CPU
		{909F3CBF-EF08-421F-A7F6-738CBA67B6CE}.Debug|Any CPU.ActiveCfg = Debug|Any CPU
		{909F3CBF-EF08-421F-A7F6-738CBA67B6CE}.Debug|Any CPU.Build.0 = Debug|Any CPU
		{909F3CBF-EF08-421F-A7F6-738CBA67B6CE}.Debug|x64.ActiveCfg = Debug|Any CPU
		{909F3CBF-EF08-421F-A7F6-738CBA67B6CE}.Debug|x64.Build.0 = Debug|Any CPU
		{909F3CBF-EF08-421F-A7F6-738CBA67B6CE}.Debug|x86.ActiveCfg = Debug|Any CPU
		{909F3CBF-EF08-421F-A7F6-738CBA67B6CE}.Debug|x86.Build.0 = Debug|Any CPU
		{909F3CBF-EF08-421F-A7F6-738CBA67B6CE}.Release|Any CPU.ActiveCfg = Release|Any CPU
		{909F3CBF-EF08-421F-A7F6-738CBA67B6CE}.Release|Any CPU.Build.0 = Release|Any CPU
		{909F3CBF-EF08-421F-A7F6-738CBA67B6CE}.Release|x64.ActiveCfg = Release|Any CPU
		{909F3CBF-EF08-421F-A7F6-738CBA67B6CE}.Release|x64.Build.0 = Release|Any CPU
		{909F3CBF-EF08-421F-A7F6-738CBA67B6CE}.Release|x86.ActiveCfg = Release|Any CPU
		{909F3CBF-EF08-421F-A7F6-738CBA67B6CE}.Release|x86.Build.0 = Release|Any CPU
		{814EEBD3-1595-44F3-A8B0-F2804FEFB977}.Debug|Any CPU.ActiveCfg = Debug|Any CPU
		{814EEBD3-1595-44F3-A8B0-F2804FEFB977}.Debug|Any CPU.Build.0 = Debug|Any CPU
		{814EEBD3-1595-44F3-A8B0-F2804FEFB977}.Debug|x64.ActiveCfg = Debug|Any CPU
		{814EEBD3-1595-44F3-A8B0-F2804FEFB977}.Debug|x64.Build.0 = Debug|Any CPU
		{814EEBD3-1595-44F3-A8B0-F2804FEFB977}.Debug|x86.ActiveCfg = Debug|Any CPU
		{814EEBD3-1595-44F3-A8B0-F2804FEFB977}.Debug|x86.Build.0 = Debug|Any CPU
		{814EEBD3-1595-44F3-A8B0-F2804FEFB977}.Release|Any CPU.ActiveCfg = Release|Any CPU
		{814EEBD3-1595-44F3-A8B0-F2804FEFB977}.Release|Any CPU.Build.0 = Release|Any CPU
		{814EEBD3-1595-44F3-A8B0-F2804FEFB977}.Release|x64.ActiveCfg = Release|Any CPU
		{814EEBD3-1595-44F3-A8B0-F2804FEFB977}.Release|x64.Build.0 = Release|Any CPU
		{814EEBD3-1595-44F3-A8B0-F2804FEFB977}.Release|x86.ActiveCfg = Release|Any CPU
		{814EEBD3-1595-44F3-A8B0-F2804FEFB977}.Release|x86.Build.0 = Release|Any CPU
		{03D1A18F-CD32-47C9-BBB6-345D2D860493}.Debug|Any CPU.ActiveCfg = Debug|Any CPU
		{03D1A18F-CD32-47C9-BBB6-345D2D860493}.Debug|Any CPU.Build.0 = Debug|Any CPU
		{03D1A18F-CD32-47C9-BBB6-345D2D860493}.Debug|x64.ActiveCfg = Debug|Any CPU
		{03D1A18F-CD32-47C9-BBB6-345D2D860493}.Debug|x64.Build.0 = Debug|Any CPU
		{03D1A18F-CD32-47C9-BBB6-345D2D860493}.Debug|x86.ActiveCfg = Debug|Any CPU
		{03D1A18F-CD32-47C9-BBB6-345D2D860493}.Debug|x86.Build.0 = Debug|Any CPU
		{03D1A18F-CD32-47C9-BBB6-345D2D860493}.Release|Any CPU.ActiveCfg = Release|Any CPU
		{03D1A18F-CD32-47C9-BBB6-345D2D860493}.Release|Any CPU.Build.0 = Release|Any CPU
		{03D1A18F-CD32-47C9-BBB6-345D2D860493}.Release|x64.ActiveCfg = Release|Any CPU
		{03D1A18F-CD32-47C9-BBB6-345D2D860493}.Release|x64.Build.0 = Release|Any CPU
		{03D1A18F-CD32-47C9-BBB6-345D2D860493}.Release|x86.ActiveCfg = Release|Any CPU
		{03D1A18F-CD32-47C9-BBB6-345D2D860493}.Release|x86.Build.0 = Release|Any CPU
		{AEFF70E3-8005-48C6-B29E-F58CF9DB3E05}.Debug|Any CPU.ActiveCfg = Debug|Any CPU
		{AEFF70E3-8005-48C6-B29E-F58CF9DB3E05}.Debug|Any CPU.Build.0 = Debug|Any CPU
		{AEFF70E3-8005-48C6-B29E-F58CF9DB3E05}.Debug|x64.ActiveCfg = Debug|Any CPU
		{AEFF70E3-8005-48C6-B29E-F58CF9DB3E05}.Debug|x64.Build.0 = Debug|Any CPU
		{AEFF70E3-8005-48C6-B29E-F58CF9DB3E05}.Debug|x86.ActiveCfg = Debug|Any CPU
		{AEFF70E3-8005-48C6-B29E-F58CF9DB3E05}.Debug|x86.Build.0 = Debug|Any CPU
		{AEFF70E3-8005-48C6-B29E-F58CF9DB3E05}.Release|Any CPU.ActiveCfg = Release|Any CPU
		{AEFF70E3-8005-48C6-B29E-F58CF9DB3E05}.Release|Any CPU.Build.0 = Release|Any CPU
		{AEFF70E3-8005-48C6-B29E-F58CF9DB3E05}.Release|x64.ActiveCfg = Release|Any CPU
		{AEFF70E3-8005-48C6-B29E-F58CF9DB3E05}.Release|x64.Build.0 = Release|Any CPU
		{AEFF70E3-8005-48C6-B29E-F58CF9DB3E05}.Release|x86.ActiveCfg = Release|Any CPU
		{AEFF70E3-8005-48C6-B29E-F58CF9DB3E05}.Release|x86.Build.0 = Release|Any CPU
		{8B2E8322-10AB-43D5-B417-F374E43D29C8}.Debug|Any CPU.ActiveCfg = Debug|Any CPU
		{8B2E8322-10AB-43D5-B417-F374E43D29C8}.Debug|Any CPU.Build.0 = Debug|Any CPU
		{8B2E8322-10AB-43D5-B417-F374E43D29C8}.Debug|x64.ActiveCfg = Debug|Any CPU
		{8B2E8322-10AB-43D5-B417-F374E43D29C8}.Debug|x64.Build.0 = Debug|Any CPU
		{8B2E8322-10AB-43D5-B417-F374E43D29C8}.Debug|x86.ActiveCfg = Debug|Any CPU
		{8B2E8322-10AB-43D5-B417-F374E43D29C8}.Debug|x86.Build.0 = Debug|Any CPU
		{8B2E8322-10AB-43D5-B417-F374E43D29C8}.Release|Any CPU.ActiveCfg = Release|Any CPU
		{8B2E8322-10AB-43D5-B417-F374E43D29C8}.Release|Any CPU.Build.0 = Release|Any CPU
		{8B2E8322-10AB-43D5-B417-F374E43D29C8}.Release|x64.ActiveCfg = Release|Any CPU
		{8B2E8322-10AB-43D5-B417-F374E43D29C8}.Release|x64.Build.0 = Release|Any CPU
		{8B2E8322-10AB-43D5-B417-F374E43D29C8}.Release|x86.ActiveCfg = Release|Any CPU
		{8B2E8322-10AB-43D5-B417-F374E43D29C8}.Release|x86.Build.0 = Release|Any CPU
		{7BFCC888-4F72-4B41-A2F0-0BA5F97A3625}.Debug|Any CPU.ActiveCfg = Debug|Any CPU
		{7BFCC888-4F72-4B41-A2F0-0BA5F97A3625}.Debug|Any CPU.Build.0 = Debug|Any CPU
		{7BFCC888-4F72-4B41-A2F0-0BA5F97A3625}.Debug|x64.ActiveCfg = Debug|Any CPU
		{7BFCC888-4F72-4B41-A2F0-0BA5F97A3625}.Debug|x64.Build.0 = Debug|Any CPU
		{7BFCC888-4F72-4B41-A2F0-0BA5F97A3625}.Debug|x86.ActiveCfg = Debug|Any CPU
		{7BFCC888-4F72-4B41-A2F0-0BA5F97A3625}.Debug|x86.Build.0 = Debug|Any CPU
		{7BFCC888-4F72-4B41-A2F0-0BA5F97A3625}.Release|Any CPU.ActiveCfg = Release|Any CPU
		{7BFCC888-4F72-4B41-A2F0-0BA5F97A3625}.Release|Any CPU.Build.0 = Release|Any CPU
		{7BFCC888-4F72-4B41-A2F0-0BA5F97A3625}.Release|x64.ActiveCfg = Release|Any CPU
		{7BFCC888-4F72-4B41-A2F0-0BA5F97A3625}.Release|x64.Build.0 = Release|Any CPU
		{7BFCC888-4F72-4B41-A2F0-0BA5F97A3625}.Release|x86.ActiveCfg = Release|Any CPU
		{7BFCC888-4F72-4B41-A2F0-0BA5F97A3625}.Release|x86.Build.0 = Release|Any CPU
		{D2F04C12-A18B-4329-9CF4-A756919B8E1E}.Debug|Any CPU.ActiveCfg = Debug|Any CPU
		{D2F04C12-A18B-4329-9CF4-A756919B8E1E}.Debug|Any CPU.Build.0 = Debug|Any CPU
		{D2F04C12-A18B-4329-9CF4-A756919B8E1E}.Debug|x64.ActiveCfg = Debug|Any CPU
		{D2F04C12-A18B-4329-9CF4-A756919B8E1E}.Debug|x64.Build.0 = Debug|Any CPU
		{D2F04C12-A18B-4329-9CF4-A756919B8E1E}.Debug|x86.ActiveCfg = Debug|Any CPU
		{D2F04C12-A18B-4329-9CF4-A756919B8E1E}.Debug|x86.Build.0 = Debug|Any CPU
		{D2F04C12-A18B-4329-9CF4-A756919B8E1E}.Release|Any CPU.ActiveCfg = Release|Any CPU
		{D2F04C12-A18B-4329-9CF4-A756919B8E1E}.Release|Any CPU.Build.0 = Release|Any CPU
		{D2F04C12-A18B-4329-9CF4-A756919B8E1E}.Release|x64.ActiveCfg = Release|Any CPU
		{D2F04C12-A18B-4329-9CF4-A756919B8E1E}.Release|x64.Build.0 = Release|Any CPU
		{D2F04C12-A18B-4329-9CF4-A756919B8E1E}.Release|x86.ActiveCfg = Release|Any CPU
		{D2F04C12-A18B-4329-9CF4-A756919B8E1E}.Release|x86.Build.0 = Release|Any CPU
	EndGlobalSection
	GlobalSection(SolutionProperties) = preSolution
		HideSolutionNode = FALSE
	EndGlobalSection
	GlobalSection(NestedProjects) = preSolution
		{6E8B0817-18F4-4D5E-9F10-D08CF4941DCA} = {BF3D775D-7B84-47AF-9D96-83030973B025}
		{814EEBD3-1595-44F3-A8B0-F2804FEFB977} = {BF3D775D-7B84-47AF-9D96-83030973B025}
		{03D1A18F-CD32-47C9-BBB6-345D2D860493} = {BF3D775D-7B84-47AF-9D96-83030973B025}
		{AEFF70E3-8005-48C6-B29E-F58CF9DB3E05} = {BF3D775D-7B84-47AF-9D96-83030973B025}
		{8B2E8322-10AB-43D5-B417-F374E43D29C8} = {BF3D775D-7B84-47AF-9D96-83030973B025}
		{7BFCC888-4F72-4B41-A2F0-0BA5F97A3625} = {BF3D775D-7B84-47AF-9D96-83030973B025}
		{D2F04C12-A18B-4329-9CF4-A756919B8E1E} = {BF3D775D-7B84-47AF-9D96-83030973B025}
	EndGlobalSection
	GlobalSection(ExtensibilityGlobals) = postSolution
		SolutionGuid = {9CC493D6-9ABC-4105-9B6D-C07640AAF5EF}
	EndGlobalSection
EndGlobal
